
Microsoft Visual Studio Solution File, Format Version 12.00
# Visual Studio Version 16
VisualStudioVersion = 16.0.30804.86
MinimumVisualStudioVersion = 10.0.40219.1
Project("{FAE04EC0-301F-11D3-BF4B-00C04F79EFBC}") = "OrderedBitcoinBlockchainParser", "OrderedBitcoinBlockchainParser\OrderedBitcoinBlockchainParser.csproj", "{9E897430-F5B0-4424-BA85-96C65E39AF26}"
EndProject
Project("{FAE04EC0-301F-11D3-BF4B-00C04F79EFBC}") = "BlockchainParserTest", "BlockchainParserTest\BlockchainParserTest.csproj", "{D0AA79A8-F938-4296-8372-CE4FDF9D9618}"
EndProject
Global
	GlobalSection(SolutionConfigurationPlatforms) = preSolution
		Debug|Any CPU = Debug|Any CPU
		Release|Any CPU = Release|Any CPU
	EndGlobalSection
	GlobalSection(ProjectConfigurationPlatforms) = postSolution
		{9E897430-F5B0-4424-BA85-96C65E39AF26}.Debug|Any CPU.ActiveCfg = Debug|Any CPU
		{9E897430-F5B0-4424-BA85-96C65E39AF26}.Debug|Any CPU.Build.0 = Debug|Any CPU
		{9E897430-F5B0-4424-BA85-96C65E39AF26}.Release|Any CPU.ActiveCfg = Release|Any CPU
		{9E897430-F5B0-4424-BA85-96C65E39AF26}.Release|Any CPU.Build.0 = Release|Any CPU
		{D0AA79A8-F938-4296-8372-CE4FDF9D9618}.Debug|Any CPU.ActiveCfg = Debug|Any CPU
		{D0AA79A8-F938-4296-8372-CE4FDF9D9618}.Debug|Any CPU.Build.0 = Debug|Any CPU
		{D0AA79A8-F938-4296-8372-CE4FDF9D9618}.Release|Any CPU.ActiveCfg = Release|Any CPU
		{D0AA79A8-F938-4296-8372-CE4FDF9D9618}.Release|Any CPU.Build.0 = Release|Any CPU
	EndGlobalSection
	GlobalSection(SolutionProperties) = preSolution
		HideSolutionNode = FALSE
	EndGlobalSection
	GlobalSection(ExtensibilityGlobals) = postSolution
		SolutionGuid = {57726541-4F84-44FC-9212-46485B7A5EAC}
	EndGlobalSection
EndGlobal
